
Microsoft Visual Studio Solution File, Format Version 12.00
# Visual Studio Version 17
VisualStudioVersion = 17.14.36414.22 d17.14
MinimumVisualStudioVersion = 10.0.40219.1
Project("{FAE04EC0-301F-11D3-BF4B-00C04F79EFBC}") = "Employees.Backend", "Employees.Backend\Employees.Backend.csproj", "{A2347330-686F-47D1-9C83-91DFACD1727F}"
EndProject
Project("{FAE04EC0-301F-11D3-BF4B-00C04F79EFBC}") = "Employees.Shared", "Employees.Shared\Employees.Shared.csproj", "{0450774E-A275-49BD-A063-8E92317A44F7}"
EndProject
Global
	GlobalSection(SolutionConfigurationPlatforms) = preSolution
		Debug|Any CPU = Debug|Any CPU
		Release|Any CPU = Release|Any CPU
	EndGlobalSection
	GlobalSection(ProjectConfigurationPlatforms) = postSolution
		{A2347330-686F-47D1-9C83-91DFACD1727F}.Debug|Any CPU.ActiveCfg = Debug|Any CPU
		{A2347330-686F-47D1-9C83-91DFACD1727F}.Debug|Any CPU.Build.0 = Debug|Any CPU
		{A2347330-686F-47D1-9C83-91DFACD1727F}.Release|Any CPU.ActiveCfg = Release|Any CPU
		{A2347330-686F-47D1-9C83-91DFACD1727F}.Release|Any CPU.Build.0 = Release|Any CPU
		{0450774E-A275-49BD-A063-8E92317A44F7}.Debug|Any CPU.ActiveCfg = Debug|Any CPU
		{0450774E-A275-49BD-A063-8E92317A44F7}.Debug|Any CPU.Build.0 = Debug|Any CPU
		{0450774E-A275-49BD-A063-8E92317A44F7}.Release|Any CPU.ActiveCfg = Release|Any CPU
		{0450774E-A275-49BD-A063-8E92317A44F7}.Release|Any CPU.Build.0 = Release|Any CPU
	EndGlobalSection
	GlobalSection(SolutionProperties) = preSolution
		HideSolutionNode = FALSE
	EndGlobalSection
	GlobalSection(ExtensibilityGlobals) = postSolution
		SolutionGuid = {F23BCE97-953F-4ADB-9A1A-7BBD9E87F9A8}
	EndGlobalSection
EndGlobal
